
Microsoft Visual Studio Solution File, Format Version 12.00
# Visual Studio Version 17
VisualStudioVersion = 17.14.36717.8 d17.14
MinimumVisualStudioVersion = 10.0.40219.1
Project("{FAE04EC0-301F-11D3-BF4B-00C04F79EFBC}") = "Lesson8", "Lesson8\Lesson8.csproj", "{79177C79-A762-44C7-8EC8-40572FFF2610}"
EndProject
Global
	GlobalSection(SolutionConfigurationPlatforms) = preSolution
		Debug|Any CPU = Debug|Any CPU
		Release|Any CPU = Release|Any CPU
	EndGlobalSection
	GlobalSection(ProjectConfigurationPlatforms) = postSolution
		{79177C79-A762-44C7-8EC8-40572FFF2610}.Debug|Any CPU.ActiveCfg = Debug|Any CPU
		{79177C79-A762-44C7-8EC8-40572FFF2610}.Debug|Any CPU.Build.0 = Debug|Any CPU
		{79177C79-A762-44C7-8EC8-40572FFF2610}.Release|Any CPU.ActiveCfg = Release|Any CPU
		{79177C79-A762-44C7-8EC8-40572FFF2610}.Release|Any CPU.Build.0 = Release|Any CPU
	EndGlobalSection
	GlobalSection(SolutionProperties) = preSolution
		HideSolutionNode = FALSE
	EndGlobalSection
	GlobalSection(ExtensibilityGlobals) = postSolution
		SolutionGuid = {A1B43C18-E7E3-4339-9998-C36FE4296F47}
	EndGlobalSection
EndGlobal
